{
  "requires": true,
  "lockfileVersion": 1,
  "dependencies": {
    "highlight.js": {
      "version": "9.13.1",
      "resolved": "https://registry.npmjs.org/highlight.js/-/highlight.js-9.13.1.tgz",
      "integrity": "sha512-Sc28JNQNDzaH6PORtRLMvif9RSn1mYuOoX3omVjnb0+HbpPygU2ALBI0R/wsiqCb4/fcp07Gdo8g+fhtFrQl6A=="
    },
    "highlight.js-async-webpack": {
      "version": "1.0.4",
      "resolved": "https://registry.npmjs.org/highlight.js-async-webpack/-/highlight.js-async-webpack-1.0.4.tgz",
      "integrity": "sha1-wGtnv5nwSQRdYrdW5YVbCRLsYWw="
    },
    "mavon-editor": {
      "version": "2.6.17",
      "resolved": "https://registry.npmjs.org/mavon-editor/-/mavon-editor-2.6.17.tgz",
      "integrity": "sha512-QKf5UtraxOjL3E9s5log/UCoaHKafC1DyiSbHgXWtRn00723SwDHbnT+aFFRaoD/O53NdUfsBDBVfwZrXl7vEw==",
      "requires": {
        "highlight.js": "9.13.1",
        "highlight.js-async-webpack": "1.0.4"
      }
    }
  }
}
